{
  "nodes": {
    "agenix": {
      "inputs": {
        "nixpkgs": [
          "unstable"
        ]
      },
      "locked": {
        "lastModified": 1620877075,
        "narHash": "sha256-XvgTqtmQZHegu9UMDSR50gK5cHEM2gbnRH0qecmdN54=",
        "owner": "ryantm",
        "repo": "agenix",
        "rev": "e543aa7d68f222e1e771165da9e9a64b5bf7b3e3",
        "type": "github"
      },
      "original": {
        "owner": "ryantm",
        "repo": "agenix",
        "type": "github"
      }
    },
    "awesome": {
      "inputs": {
        "flake-utils": [
          "flake-utils"
        ],
        "freedesktop": "freedesktop",
        "lain": "lain",
        "sharedtags": "sharedtags"
      },
      "locked": {
        "narHash": "sha256-qQhH6ZOGmhHVg5Vbcl2604z4VcbicxLfuWxybz3v/Fk=",
        "path": "./flakes/awesome",
        "type": "path"
      },
      "original": {
        "path": "./flakes/awesome",
        "type": "path"
      }
    },
    "flake-utils": {
      "locked": {
        "lastModified": 1623875721,
        "narHash": "sha256-A8BU7bjS5GirpAUv4QA+QnJ4CceLHkcXdRp4xITDB0s=",
        "owner": "numtide",
        "repo": "flake-utils",
        "rev": "f7e004a55b120c02ecb6219596820fcd32ca8772",
        "type": "github"
      },
      "original": {
        "owner": "numtide",
        "repo": "flake-utils",
        "type": "github"
      }
    },
    "freedesktop": {
      "flake": false,
      "locked": {
        "lastModified": 1618316282,
        "narHash": "sha256-UbfYEm6QM8EGDw6xPK8bw97M05fNq2Psw8xpMdgg+e0=",
        "owner": "lcpz",
        "repo": "awesome-freedesktop",
        "rev": "e4ac597ea809cbc4b08be1d0dfdb871b6b0db9c3",
        "type": "github"
      },
      "original": {
        "owner": "lcpz",
        "repo": "awesome-freedesktop",
        "type": "github"
      }
    },
    "harrisonAva": {
      "flake": false,
      "locked": {
        "narHash": "sha256-yCY51zWKdqOtlYW1e8sZGbRPxGYY4jPFj39q52SDaSs=",
        "path": "/home/thomas/music-production/plugins/harrison-ava",
        "type": "path"
      },
      "original": {
        "path": "/home/thomas/music-production/plugins/harrison-ava",
        "type": "path"
      }
    },
    "home-manager": {
      "inputs": {
        "nixpkgs": [
          "unstable"
        ]
      },
      "locked": {
        "lastModified": 1624746582,
        "narHash": "sha256-5RXicZDUxLjzz64oWXoRqAaTsfnG1oucIB3UIQa0rMI=",
        "owner": "rycee",
        "repo": "home-manager",
        "rev": "8d3b273afef0e6c3d6d6e4239c9c9d79b1ab6ed7",
        "type": "github"
      },
      "original": {
        "owner": "rycee",
        "ref": "master",
        "repo": "home-manager",
        "type": "github"
      }
    },
    "lain": {
      "flake": false,
      "locked": {
        "lastModified": 1620405699,
        "narHash": "sha256-MTT5Z6QRApFIgH25mJ1S/ZU4wIL993yR4VfR2jjDEbE=",
        "owner": "lcpz",
        "repo": "lain",
        "rev": "16e2e7333616eb921e220791eed312ad50958bb6",
        "type": "github"
      },
      "original": {
        "owner": "lcpz",
        "repo": "lain",
        "type": "github"
      }
    },
    "musnix": {
      "flake": false,
      "locked": {
        "lastModified": 1623875676,
        "narHash": "sha256-SBI5NKPKx9Y3GWQr7J3ybF4nsKeX5XL+1ENtH1diYrk=",
        "owner": "musnix",
        "repo": "musnix",
        "rev": "49c1f7119919d678bc457de3fee1de11a20c5082",
        "type": "github"
      },
      "original": {
        "owner": "musnix",
        "repo": "musnix",
        "type": "github"
      }
    },
    "neovim": {
      "inputs": {
        "flake-utils": [
          "flake-utils"
        ],
        "neovim": "neovim_2",
        "nixpkgs": [
          "unstable"
        ],
        "nvimColorbuddyNvim": "nvimColorbuddyNvim",
        "nvimColorizerLua": "nvimColorizerLua",
        "nvimCompletionNvim": "nvimCompletionNvim",
        "nvimLspExtensions": "nvimLspExtensions",
        "nvimMinimapVim": "nvimMinimapVim",
        "nvimMonochrome": "nvimMonochrome",
        "nvimPhoton": "nvimPhoton",
        "nvimPlenary": "nvimPlenary",
        "nvimPopup": "nvimPopup",
        "nvimRegistersNvim": "nvimRegistersNvim",
        "nvimTelescope": "nvimTelescope",
        "nvimTreesitter": "nvimTreesitter",
        "nvimTreesitterTextobjects": "nvimTreesitterTextobjects",
        "nvimVimColorsPencil": "nvimVimColorsPencil",
        "nvimVimLoclistFollow": "nvimVimLoclistFollow"
      },
      "locked": {
        "narHash": "sha256-bhHlf0PRZ0YZAuIDOMqeUGyTnyx2KS2hU3Iu5/wu+Rg=",
        "path": "./flakes/neovim",
        "type": "path"
      },
      "original": {
        "path": "./flakes/neovim",
        "type": "path"
      }
    },
    "neovim_2": {
      "inputs": {
        "flake-utils": [
          "flake-utils"
        ],
        "nixpkgs": [
          "unstable"
        ]
      },
      "locked": {
        "dir": "contrib",
        "lastModified": 1624729398,
        "narHash": "sha256-XE/hrbbGaqYLlm0/7so5k5TvSi9f42Aq6JCtkmkZHXg=",
        "owner": "neovim",
        "repo": "neovim",
        "rev": "bdf3df4027a5389a46b4c9a75b50aff5c0ecb351",
        "type": "github"
      },
      "original": {
        "dir": "contrib",
        "owner": "neovim",
        "repo": "neovim",
        "type": "github"
      }
    },
    "nixos-hardware": {
      "locked": {
        "lastModified": 1624713701,
        "narHash": "sha256-miYoO9/M+ZYlNPknRF9VYh6bQEQCPPz6lM0Pb60jbPk=",
        "owner": "NixOS",
        "repo": "nixos-hardware",
        "rev": "03c60a2db286bcd8ecfac9a8739c50626ca0fd8e",
        "type": "github"
      },
      "original": {
        "owner": "NixOS",
        "ref": "master",
        "repo": "nixos-hardware",
        "type": "github"
      }
    },
    "nvimColorbuddyNvim": {
      "flake": false,
      "locked": {
        "lastModified": 1618594206,
        "narHash": "sha256-Ezj4wNrU1+T1JfTSC8mR6udvCqifED5AfChfXqGv7qU=",
        "owner": "tjdevries",
        "repo": "colorbuddy.nvim",
        "rev": "87c80e3f4a590d0387d9b128d1f1fc456759408a",
        "type": "github"
      },
      "original": {
        "owner": "tjdevries",
        "repo": "colorbuddy.nvim",
        "type": "github"
      }
    },
    "nvimColorizerLua": {
      "flake": false,
      "locked": {
        "lastModified": 1591879145,
        "narHash": "sha256-6YrnItxExL2C8pNIdLd+hXCjsB2MbZANwWkah6dreD8=",
        "owner": "norcalli",
        "repo": "nvim-colorizer.lua",
        "rev": "36c610a9717cc9ec426a07c8e6bf3b3abcb139d6",
        "type": "github"
      },
      "original": {
        "owner": "norcalli",
        "repo": "nvim-colorizer.lua",
        "type": "github"
      }
    },
    "nvimCompletionNvim": {
      "flake": false,
      "locked": {
        "lastModified": 1624293992,
        "narHash": "sha256-yAGaC+GsWs57fWvRakYLVtrAwUlpD+GlgPif/9GDWGM=",
        "ref": "master",
        "rev": "250c38095af307c30847cb0c3745c63a4cee6837",
        "revCount": 435,
        "type": "git",
        "url": "file:///home/thomas/code/other/completion-nvim"
      },
      "original": {
        "type": "git",
        "url": "file:///home/thomas/code/other/completion-nvim"
      }
    },
    "nvimLspExtensions": {
      "flake": false,
      "locked": {
        "lastModified": 1624642480,
        "narHash": "sha256-OCRhyyRhAfxMQazuj/yCFOPjR3pA9sii7KT2zq6yXoU=",
        "owner": "nvim-lua",
        "repo": "lsp_extensions.nvim",
        "rev": "a1f12b8df1d3d8e46a7010615d2a335cd06814f2",
        "type": "github"
      },
      "original": {
        "owner": "nvim-lua",
        "repo": "lsp_extensions.nvim",
        "type": "github"
      }
    },
    "nvimMinimapVim": {
      "flake": false,
      "locked": {
        "lastModified": 1624240733,
        "narHash": "sha256-Ty6bia5Et9JJK+nBewM8AeQY9NKREpwQFpFIdA+U8DI=",
        "owner": "wfxr",
        "repo": "minimap.vim",
        "rev": "14f0a76ccb965bd935818039168cbb4df87f53e4",
        "type": "github"
      },
      "original": {
        "owner": "wfxr",
        "repo": "minimap.vim",
        "type": "github"
      }
    },
    "nvimMonochrome": {
      "flake": false,
      "locked": {
        "lastModified": 1557300497,
        "narHash": "sha256-PLfZ9cMYsnFBl8tp8LW0QoeoJC1KbyE9OnFuXZrIFDc=",
        "owner": "fxn",
        "repo": "vim-monochrome",
        "rev": "34abe27b75e41aa9387bd4c4352340d3636248af",
        "type": "github"
      },
      "original": {
        "owner": "fxn",
        "repo": "vim-monochrome",
        "type": "github"
      }
    },
    "nvimPhoton": {
      "flake": false,
      "locked": {
        "lastModified": 1623783497,
        "narHash": "sha256-S6yNd1dFwe0GdL8si7binHtohbKfFTo2OiSGpWxb7pM=",
        "owner": "axvr",
        "repo": "photon.vim",
        "rev": "bafb8fe6cf6762c5ed0681b8cd34b25d2b3c5b6c",
        "type": "github"
      },
      "original": {
        "owner": "axvr",
        "repo": "photon.vim",
        "type": "github"
      }
    },
    "nvimPlenary": {
      "flake": false,
      "locked": {
        "lastModified": 1624125414,
        "narHash": "sha256-/2AgeZV4BF67rM0/haqFuf2pxQqDSCxtVIzostKf+h8=",
        "owner": "nvim-lua",
        "repo": "plenary.nvim",
        "rev": "268002fdba2f8f5a4e86574e3b9924ad6d42da20",
        "type": "github"
      },
      "original": {
        "owner": "nvim-lua",
        "repo": "plenary.nvim",
        "type": "github"
      }
    },
    "nvimPopup": {
      "flake": false,
      "locked": {
        "lastModified": 1620472364,
        "narHash": "sha256-D/ZMou2fa0yUVyQDfGm26urotqEgS4qahH9KJ4r52cw=",
        "owner": "nvim-lua",
        "repo": "popup.nvim",
        "rev": "5e3bece7b4b4905f4ec89bee74c09cfd8172a16a",
        "type": "github"
      },
      "original": {
        "owner": "nvim-lua",
        "repo": "popup.nvim",
        "type": "github"
      }
    },
    "nvimRegistersNvim": {
      "flake": false,
      "locked": {
        "lastModified": 1624303654,
        "narHash": "sha256-LlvIsdeH2nEM5CtjCO8U7CSZEu3hoTRVGGlxY2U1sY0=",
        "owner": "tversteeg",
        "repo": "registers.nvim",
        "rev": "6817136df80ae9ddb980a97f7e4cf31cc4f9fa4a",
        "type": "github"
      },
      "original": {
        "owner": "tversteeg",
        "repo": "registers.nvim",
        "type": "github"
      }
    },
    "nvimTelescope": {
      "flake": false,
      "locked": {
        "lastModified": 1624792850,
        "narHash": "sha256-61NxNvr3LHKKbXMrElkVfv/gbF5TOo/ADzOriEPKU7c=",
        "owner": "nvim-telescope",
        "repo": "telescope.nvim",
        "rev": "e5bd4963da81b5d044749ee4507061801aeb0f78",
        "type": "github"
      },
      "original": {
        "owner": "nvim-telescope",
        "repo": "telescope.nvim",
        "type": "github"
      }
    },
    "nvimTreesitter": {
      "flake": false,
      "locked": {
        "lastModified": 1624702748,
        "narHash": "sha256-RShFYuEM3gC8Pig6/eUPvmDr2KGTRwcNzCDIIcgWVwM=",
        "owner": "nvim-treesitter",
        "repo": "nvim-treesitter",
        "rev": "c04aa172a3feab61f8f4fbfa0e3d47fa12513485",
        "type": "github"
      },
      "original": {
        "owner": "nvim-treesitter",
        "repo": "nvim-treesitter",
        "type": "github"
      }
    },
    "nvimTreesitterTextobjects": {
      "flake": false,
      "locked": {
        "lastModified": 1624655162,
        "narHash": "sha256-DDL4YyRXfchKiFrsMDCS2bwqR4ORXCbC7lIigqiClak=",
        "owner": "nvim-treesitter",
        "repo": "nvim-treesitter-textobjects",
        "rev": "2271ffecd5fad9c74fb12c125f39a21ffb5a7673",
        "type": "github"
      },
      "original": {
        "owner": "nvim-treesitter",
        "repo": "nvim-treesitter-textobjects",
        "type": "github"
      }
    },
    "nvimVimColorsPencil": {
      "flake": false,
      "locked": {
        "lastModified": 1604913726,
        "narHash": "sha256-9klBx0KetKHRy6okrCsqhCXii0avLH5byJH+9jzk0TQ=",
        "owner": "reedes",
        "repo": "vim-colors-pencil",
        "rev": "fcbdca1d8218c7c4002084cfe3b2e4abc7ebdc35",
        "type": "github"
      },
      "original": {
        "owner": "reedes",
        "repo": "vim-colors-pencil",
        "type": "github"
      }
    },
    "nvimVimLoclistFollow": {
      "flake": false,
      "locked": {
        "lastModified": 1589131637,
        "narHash": "sha256-xRi+ewG/fZlfUI8TRfbASlrdEOok8bUYeyt/zHEnH8k=",
        "owner": "elbeardmorez",
        "repo": "vim-loclist-follow",
        "rev": "18ae8ab3c1946c08db4771c2f77b36e71e4571d3",
        "type": "github"
      },
      "original": {
        "owner": "elbeardmorez",
        "repo": "vim-loclist-follow",
        "type": "github"
      }
    },
    "patched": {
      "locked": {
        "narHash": "sha256-hHWNEnju/5OXlyCrx26Sp/lx5sm3wRhStSXUXojBTfg=",
        "path": "./nixpkgs",
        "type": "path"
      },
      "original": {
        "path": "./nixpkgs",
        "type": "path"
      }
    },
    "phone-camera-upload": {
      "inputs": {
        "flake-utils": [
          "flake-utils"
        ],
        "nixpkgs": [
          "unstable"
        ]
      },
      "locked": {
        "lastModified": 1622389796,
        "narHash": "sha256-t2zWXXTh0yfx+xLBPC+cowYJN1wApZmqELUXH4n6T8U=",
        "ref": "master",
        "rev": "ac6d38244c75642a823ce4b8398f65d52f41b717",
        "revCount": 5,
        "type": "git",
        "url": "file:///etc/nixos/flakes/phone-camera-upload"
      },
      "original": {
        "type": "git",
        "url": "file:///etc/nixos/flakes/phone-camera-upload"
      }
    },
    "renoise": {
      "flake": false,
      "locked": {
        "narHash": "sha256-ol8A+gJ8EwJltLEFGZ7O1khm3ITSyMJsVmgsuTkMbQs=",
        "path": "/home/thomas/music-production/renoise",
        "type": "path"
      },
      "original": {
        "path": "/home/thomas/music-production/renoise",
        "type": "path"
      }
    },
    "root": {
      "inputs": {
        "agenix": "agenix",
        "awesome": "awesome",
        "flake-utils": "flake-utils",
        "harrisonAva": "harrisonAva",
        "home-manager": "home-manager",
        "musnix": "musnix",
        "neovim": "neovim",
        "nixos-hardware": "nixos-hardware",
        "patched": "patched",
        "phone-camera-upload": "phone-camera-upload",
        "renoise": "renoise",
        "stable": "stable",
        "thingshare": "thingshare",
        "unstable": "unstable"
      }
    },
    "sharedtags": {
      "flake": false,
      "locked": {
        "lastModified": 1611997888,
        "narHash": "sha256-3cX1uNRgwXJPUKm4lOQPGKuzaRLOHOlqixsiwg/f+Tg=",
        "owner": "Drauthius",
        "repo": "awesome-sharedtags",
        "rev": "9cf8f90004f37d7987e2cd4d82b8456deed9ef85",
        "type": "github"
      },
      "original": {
        "owner": "Drauthius",
        "repo": "awesome-sharedtags",
        "type": "github"
      }
    },
    "stable": {
      "locked": {
        "lastModified": 1624656607,
        "narHash": "sha256-jWVM6RP8WdRV1l0Z36hA/y6kl9BmasYVa9TpKkjRMLI=",
        "owner": "NixOS",
        "repo": "nixpkgs",
        "rev": "b72bde7c4a1f9c9bf1a161f0c267186ce3c6483c",
        "type": "github"
      },
      "original": {
        "owner": "NixOS",
        "ref": "nixos-21.05",
        "repo": "nixpkgs",
        "type": "github"
      }
    },
    "thingshare": {
      "inputs": {
        "flake-utils": [
          "flake-utils"
        ],
        "nixpkgs": [
          "unstable"
        ]
      },
      "locked": {
        "lastModified": 1623170302,
        "narHash": "sha256-dVtL9RNORGPNnAz649FY8xmJJmzbJsZOgNr/WvgAjgk=",
        "ref": "master",
        "rev": "d20f3811d2f341aaa6a81e738a02e049fed93cb0",
        "revCount": 10,
        "type": "git",
        "url": "file:///etc/nixos/flakes/thingshare"
      },
      "original": {
        "type": "git",
        "url": "file:///etc/nixos/flakes/thingshare"
      }
    },
    "unstable": {
      "locked": {
        "lastModified": 1624626397,
        "narHash": "sha256-+h0ulo5//RqStx6g6MDqD9MzgmBfeZ1VYxwEaSmw/Zs=",
        "owner": "NixOS",
        "repo": "nixpkgs",
        "rev": "e1f8852faac7638e88d5e8a5b9ee2a7568685e3f",
        "type": "github"
      },
      "original": {
        "owner": "NixOS",
        "ref": "nixos-unstable",
        "repo": "nixpkgs",
        "type": "github"
      }
    }
  },
  "root": "root",
  "version": 7
}
